
Microsoft Visual Studio Solution File, Format Version 12.00
# Visual Studio 15
VisualStudioVersion = 15.0.28307.1022
MinimumVisualStudioVersion = 10.0.40219.1
Project("{9A19103F-16F7-4668-BE54-9A1E7A4F7556}") = "BookDataService", "BookDataService\BookDataService.csproj", "{CF02BBB1-4209-49B2-8852-AC61C414032D}"
EndProject
Project("{FAE04EC0-301F-11D3-BF4B-00C04F79EFBC}") = "BookDataServiceunittest", "BookDataServiceintegrationtest\BookDataServiceunittest.csproj", "{6AD3512A-CF69-4DE5-9339-2303E66ADC3A}"
EndProject
Global
	GlobalSection(SolutionConfigurationPlatforms) = preSolution
		Debug|Any CPU = Debug|Any CPU
		Release|Any CPU = Release|Any CPU
	EndGlobalSection
	GlobalSection(ProjectConfigurationPlatforms) = postSolution
		{CF02BBB1-4209-49B2-8852-AC61C414032D}.Debug|Any CPU.ActiveCfg = Debug|Any CPU
		{CF02BBB1-4209-49B2-8852-AC61C414032D}.Debug|Any CPU.Build.0 = Debug|Any CPU
		{CF02BBB1-4209-49B2-8852-AC61C414032D}.Release|Any CPU.ActiveCfg = Release|Any CPU
		{CF02BBB1-4209-49B2-8852-AC61C414032D}.Release|Any CPU.Build.0 = Release|Any CPU
		{6AD3512A-CF69-4DE5-9339-2303E66ADC3A}.Debug|Any CPU.ActiveCfg = Debug|Any CPU
		{6AD3512A-CF69-4DE5-9339-2303E66ADC3A}.Debug|Any CPU.Build.0 = Debug|Any CPU
		{6AD3512A-CF69-4DE5-9339-2303E66ADC3A}.Release|Any CPU.ActiveCfg = Release|Any CPU
		{6AD3512A-CF69-4DE5-9339-2303E66ADC3A}.Release|Any CPU.Build.0 = Release|Any CPU
	EndGlobalSection
	GlobalSection(SolutionProperties) = preSolution
		HideSolutionNode = FALSE
	EndGlobalSection
	GlobalSection(ExtensibilityGlobals) = postSolution
		SolutionGuid = {0BD81EEE-118C-4ECE-AE04-48F044C3437B}
	EndGlobalSection
EndGlobal
